Microsoft Visual Studio Solution File, Format Version 12.00
# Visual Studio Version 17
VisualStudioVersion = 17.5.2.0
MinimumVisualStudioVersion = 10.0.40219.1
Project("{FAE04EC0-301F-11D3-BF4B-00C04F79EFBC}") = "customer-profile-service", "customer-profile-service.csproj", "{845B9536-E593-99AE-3117-F1A553D94EF7}"
EndProject
Global
	GlobalSection(SolutionConfigurationPlatforms) = preSolution
		Debug|Any CPU = Debug|Any CPU
		Release|Any CPU = Release|Any CPU
	EndGlobalSection
	GlobalSection(ProjectConfigurationPlatforms) = postSolution
		{845B9536-E593-99AE-3117-F1A553D94EF7}.Debug|Any CPU.ActiveCfg = Debug|Any CPU
		{845B9536-E593-99AE-3117-F1A553D94EF7}.Debug|Any CPU.Build.0 = Debug|Any CPU
		{845B9536-E593-99AE-3117-F1A553D94EF7}.Release|Any CPU.ActiveCfg = Release|Any CPU
		{845B9536-E593-99AE-3117-F1A553D94EF7}.Release|Any CPU.Build.0 = Release|Any CPU
	EndGlobalSection
	GlobalSection(SolutionProperties) = preSolution
		HideSolutionNode = FALSE
	EndGlobalSection
	GlobalSection(ExtensibilityGlobals) = postSolution
		SolutionGuid = {4E27D86B-391B-4703-9DC6-65DC59ABEC4A}
	EndGlobalSection
EndGlobal
